
Microsoft Visual Studio Solution File, Format Version 12.00
# Visual Studio 15
VisualStudioVersion = 15.0.28010.2016
MinimumVisualStudioVersion = 10.0.40219.1
Project("{FAE04EC0-301F-11D3-BF4B-00C04F79EFBC}") = "VSTMC", "VSTMC\VSTMC.csproj", "{98CEE665-5CD2-451D-AA66-95D91D7EE26D}"
EndProject
Project("{2150E333-8FDC-42A3-9474-1A3956D46DE8}") = "CPP", "CPP", "{C488FE09-B577-4EFB-A6F3-DE779D511502}"
EndProject
Project("{2150E333-8FDC-42A3-9474-1A3956D46DE8}") = "CSharp", "CSharp", "{4A6F8FA6-6D06-4B8B-9AB5-EE508C06A9CD}"
EndProject
Project("{2150E333-8FDC-42A3-9474-1A3956D46DE8}") = "Visual Basic", "Visual Basic", "{E103FEF3-44C1-4FAE-9E84-52EF668B2559}"
EndProject
Project("{2150E333-8FDC-42A3-9474-1A3956D46DE8}") = "Items", "Items", "{C4C20A84-DA7E-4959-B48E-82EBA4D4C816}"
EndProject
Project("{2150E333-8FDC-42A3-9474-1A3956D46DE8}") = "Projects", "Projects", "{17492BC2-DA4B-43E1-931B-B801E2172E2F}"
EndProject
Project("{2150E333-8FDC-42A3-9474-1A3956D46DE8}") = "Items", "Items", "{C92C1F67-8CDC-46EB-9388-3EF3AB7625DE}"
EndProject
Project("{2150E333-8FDC-42A3-9474-1A3956D46DE8}") = "Projects", "Projects", "{B72C330E-5E05-47BF-B2FB-353911BAB056}"
EndProject
Project("{2150E333-8FDC-42A3-9474-1A3956D46DE8}") = "Items", "Items", "{86F7C542-BA81-4EBC-87C2-94483160BADF}"
EndProject
Project("{2150E333-8FDC-42A3-9474-1A3956D46DE8}") = "Projects", "Projects", "{F23B4F2E-7398-42AD-98A4-123AEDDB4871}"
EndProject
Project("{2150E333-8FDC-42A3-9474-1A3956D46DE8}") = "Wizards", "Wizards", "{698403AF-4988-4628-A389-866E23C53326}"
EndProject
Project("{FAE04EC0-301F-11D3-BF4B-00C04F79EFBC}") = "MSCE.Addin.VC", "CPP\Projects\MSCE.Addin\MSCE.Addin.VC.csproj", "{60444E5B-A2A5-4D69-BC36-BBC035039044}"
EndProject
Project("{FAE04EC0-301F-11D3-BF4B-00C04F79EFBC}") = "MSCE.AddinMgd.VC", "CPP\Projects\MSCE.AddinMgd\MSCE.AddinMgd.VC.csproj", "{773D498B-19FF-4E77-BC20-5DC3A0C9F616}"
EndProject
Project("{FAE04EC0-301F-11D3-BF4B-00C04F79EFBC}") = "MSCE.Keyin.VC", "CPP\Projects\MSCE.Keyin\MSCE.Keyin.VC.csproj", "{CEC26EAE-FB35-40BE-B407-9AA3A82F74E3}"
EndProject
Project("{FAE04EC0-301F-11D3-BF4B-00C04F79EFBC}") = "MSCE.KeyinMgd.VC", "CPP\Projects\MSCE.KeyinMgd\MSCE.KeyinMgd.VC.csproj", "{FBC7C1FC-D684-4F0B-8578-8CCFE52A4608}"
EndProject
Project("{FAE04EC0-301F-11D3-BF4B-00C04F79EFBC}") = "MSCE.Addin.CS", "CSharp\Projects\MSCE.Addin\MSCE.Addin.CS.csproj", "{5352008A-056D-499B-956B-E92E44C52A5C}"
EndProject
Project("{FAE04EC0-301F-11D3-BF4B-00C04F79EFBC}") = "MSCE.Keyin.CS", "CSharp\Projects\MSCE.Keyin\MSCE.Keyin.CS.csproj", "{C62698F8-9CE8-4E4C-8111-E87B3ED77801}"
EndProject
Project("{FAE04EC0-301F-11D3-BF4B-00C04F79EFBC}") = "MSCE.WinForm.CS", "CSharp\Projects\MSCE.WinForm\MSCE.WinForm.CS.csproj", "{B3141432-307A-453E-B18C-743279EEA87B}"
EndProject
Project("{FAE04EC0-301F-11D3-BF4B-00C04F79EFBC}") = "MSCE.WPF.CS", "CSharp\Projects\MSCE.WPF\MSCE.WPF.CS.csproj", "{1B9DC78D-BE05-4A22-ADD4-DB4315D04266}"
EndProject
Project("{FAE04EC0-301F-11D3-BF4B-00C04F79EFBC}") = "MSCE.Class.csitem", "CSharp\Items\MSCE.Class.csitem\MSCE.Class.csitem.csproj", "{DAAB47FA-6ACE-4CC0-B501-28AD6B27A9AD}"
EndProject
Project("{FAE04EC0-301F-11D3-BF4B-00C04F79EFBC}") = "MSCE.ElemSetTool.csitem", "CSharp\Items\MSCE.ElementSetTool\MSCE.ElemSetTool.csitem.csproj", "{A919E9D4-2A3C-427C-BDB1-4F8353BEEF5B}"
EndProject
Project("{FAE04EC0-301F-11D3-BF4B-00C04F79EFBC}") = "MSCE.ElemWin.csitem", "CSharp\Items\MSCE.ElementWin\MSCE.ElemWin.csitem.csproj", "{A20DFE82-1C4A-4AA9-8E81-A6DA36F10BB4}"
EndProject
Project("{FAE04EC0-301F-11D3-BF4B-00C04F79EFBC}") = "MSCE.ElemWpf.csitem", "CSharp\Items\MSCE.ElementWpf\MSCE.ElemWpf.csitem.csproj", "{38538C79-C81F-4D73-B1E9-F50D26A239F0}"
EndProject
Project("{FAE04EC0-301F-11D3-BF4B-00C04F79EFBC}") = "MSCE.IPrimWin.csitem", "CSharp\Items\MSCE.IPrimWin\MSCE.IPrimWin.csitem.csproj", "{89E55AD3-0D35-4B6A-84C4-AB2F564D2BAE}"
EndProject
Project("{FAE04EC0-301F-11D3-BF4B-00C04F79EFBC}") = "MSCE.IPrimWpf.csitem", "CSharp\Items\MSCE.IPrimWpf\MSCE.IPrimWpf.csitem.csproj", "{92BE8D19-2F95-4B5F-99E1-A2BDE5CB12BA}"
EndProject
Project("{FAE04EC0-301F-11D3-BF4B-00C04F79EFBC}") = "MSCE.Keyin.csitem", "CSharp\Items\MSCE.Keyin\MSCE.Keyin.csitem.csproj", "{11B70144-6102-479B-898E-EFE74D81AC18}"
EndProject
Project("{FAE04EC0-301F-11D3-BF4B-00C04F79EFBC}") = "MSCE.PrimTool.csitem", "CSharp\Items\MSCE.PrimitiveTool\MSCE.PrimTool.csitem.csproj", "{5F438EF1-7FF3-4BE2-9729-3F07D72514B8}"
EndProject
Project("{FAE04EC0-301F-11D3-BF4B-00C04F79EFBC}") = "MSCE.PrimWin.csitem", "CSharp\Items\MSCE.PrimWin\MSCE.PrimWin.csitem.csproj", "{9903AFBD-DED8-4AC8-AA44-D8789834A1BE}"
EndProject
Project("{FAE04EC0-301F-11D3-BF4B-00C04F79EFBC}") = "MSCE.PrimWpf.csitem", "CSharp\Items\MSCE.PrimWpf\MSCE.PrimWpf.csitem.csproj", "{1A49754B-609E-4696-AFA3-CC019BB407E9}"
EndProject
Project("{FAE04EC0-301F-11D3-BF4B-00C04F79EFBC}") = "MSCE.ScanCriteria.csitem", "CSharp\Items\MSCE.ScanCriteria\MSCE.ScanCriteria.csitem.csproj", "{EDABEB62-6EE2-4113-8062-0F3A2C74B406}"
EndProject
Project("{FAE04EC0-301F-11D3-BF4B-00C04F79EFBC}") = "MSCE.Toolbar.csitem", "CSharp\Items\MSCE.Toolbar\MSCE.Toolbar.csitem.csproj", "{EAF30A99-073C-468F-9910-BAD34B3BA255}"
EndProject
Project("{FAE04EC0-301F-11D3-BF4B-00C04F79EFBC}") = "MSCE.WinForm.csitem", "CSharp\Items\MSCE.WinForm\MSCE.WinForm.csitem.csproj", "{420DFA7B-209A-442B-808F-DAFE8CA10660}"
EndProject
Project("{FAE04EC0-301F-11D3-BF4B-00C04F79EFBC}") = "MSCE.WPF.csitem", "CSharp\Items\MSCE.WPF\MSCE.WPF.csitem.csproj", "{15EC6B9E-C414-4C4F-BFED-88AD6B1C2CF3}"
EndProject
Project("{F184B08F-C81C-45F6-A57F-5ABD9991F28F}") = "MSCE.Addin.VB", "Visual Basic\Projects\MSCE.Addin\MSCE.Addin.VB.vbproj", "{36230612-ABB5-4387-8579-093FAE72FC10}"
EndProject
Project("{F184B08F-C81C-45F6-A57F-5ABD9991F28F}") = "MSCE.Keyin.VB", "Visual Basic\Projects\MSCE.Keyin\MSCE.Keyin.VB.vbproj", "{644E259F-114A-486F-85F3-309E3B2513BE}"
EndProject
Project("{F184B08F-C81C-45F6-A57F-5ABD9991F28F}") = "MSCE.WinForm.VB", "Visual Basic\Projects\MSCE.WinForm\MSCE.WinForm.VB.vbproj", "{8508C9E4-C7BC-4150-9DA9-3231F908E7DB}"
EndProject
Project("{F184B08F-C81C-45F6-A57F-5ABD9991F28F}") = "MSCE.WPF.VB", "Visual Basic\Projects\MSCE.WPF\MSCE.WPF.VB.vbproj", "{E1015391-2A53-4A52-A4D1-99C729A515A2}"
EndProject
Project("{F184B08F-C81C-45F6-A57F-5ABD9991F28F}") = "MSCE.Class.vbitem", "Visual Basic\Items\MSCE.Class.vbitem\MSCE.Class.vbitem.vbproj", "{431277AE-AA11-422D-ABBE-F18C2D5E2305}"
EndProject
Project("{F184B08F-C81C-45F6-A57F-5ABD9991F28F}") = "MSCE.ElemSetTool.vbitem", "Visual Basic\Items\MSCE.ElementSetTool\MSCE.ElemSetTool.vbitem.vbproj", "{25F1BD0A-9FDE-4C99-8390-F2D49F9B3252}"
EndProject
Project("{FAE04EC0-301F-11D3-BF4B-00C04F79EFBC}") = "MSCE.ElemWin.vbitem", "Visual Basic\Items\MSCE.ElementWin\MSCE.ElemWin.vbitem.csproj", "{E1D05043-4C4A-49BB-AFB9-55AA84FD63CF}"
EndProject
Project("{F184B08F-C81C-45F6-A57F-5ABD9991F28F}") = "MSCE.ElemWpf.vbitem", "Visual Basic\Items\MSCE.ElementWpf\MSCE.ElemWpf.vbitem.vbproj", "{05FFB091-709C-4066-A0AC-2B6072ACFB3E}"
EndProject
Project("{FAE04EC0-301F-11D3-BF4B-00C04F79EFBC}") = "MSCE.IPrimWin.vbitem", "Visual Basic\Items\MSCE.IPrimWin\MSCE.IPrimWin.vbitem.csproj", "{A153926C-5C6C-4A62-B241-9DCEBD7F9C5F}"
EndProject
Project("{F184B08F-C81C-45F6-A57F-5ABD9991F28F}") = "MSCE.IPrimWpf.vbitem", "Visual Basic\Items\MSCE.IPrimWpf\MSCE.IPrimWpf.vbitem.vbproj", "{2DA130BC-CF01-4D73-B874-DA766CFD4438}"
EndProject
Project("{F184B08F-C81C-45F6-A57F-5ABD9991F28F}") = "MSCE.Keyin.vbitem", "Visual Basic\Items\MSCE.Keyin\MSCE.Keyin.vbitem.vbproj", "{A1D0238F-6513-454D-B66E-916C794DC1B9}"
EndProject
Project("{F184B08F-C81C-45F6-A57F-5ABD9991F28F}") = "MSCE.PrimTool.vbitem", "Visual Basic\Items\MSCE.PrimitiveTool\MSCE.PrimTool.vbitem.vbproj", "{EFCC953F-8AF1-44A1-BAE2-7B82C154D237}"
EndProject
Project("{FAE04EC0-301F-11D3-BF4B-00C04F79EFBC}") = "MSCE.PrimWin.vbitem", "Visual Basic\Items\MSCE.PrimWin\MSCE.PrimWin.vbitem.csproj", "{6157BF1E-1A3C-4A62-9874-E5683C3F6F29}"
EndProject
Project("{F184B08F-C81C-45F6-A57F-5ABD9991F28F}") = "MSCE.PrimWpf.vbitem", "Visual Basic\Items\MSCE.PrimWpf\MSCE.PrimWpf.vbitem.vbproj", "{53CE6655-EF74-4707-B50D-468087C38506}"
EndProject
Project("{F184B08F-C81C-45F6-A57F-5ABD9991F28F}") = "MSCE.ScanCriteria.vbitem", "Visual Basic\Items\MSCE.ScanCriteria.vbitem\MSCE.ScanCriteria.vbitem.vbproj", "{DCE4B83C-926B-4B33-B47D-E05C79E1036D}"
EndProject
Project("{F184B08F-C81C-45F6-A57F-5ABD9991F28F}") = "MSCE.Toolbar.vbitem", "Visual Basic\Items\MSCE.Toolbar\MSCE.Toolbar.vbitem.vbproj", "{4400C95E-2E3C-4613-A2F5-B56BC42A64DC}"
EndProject
Project("{F184B08F-C81C-45F6-A57F-5ABD9991F28F}") = "MSCE.WinForm.vbitem", "Visual Basic\Items\MSCE.WinForms\MSCE.WinForm.vbitem.vbproj", "{A2B37446-A59D-4F5C-99DC-821A3661FEED}"
EndProject
Project("{F184B08F-C81C-45F6-A57F-5ABD9991F28F}") = "MSCE.WPF.vbitem", "Visual Basic\Items\MSCE.WPF\MSCE.WPF.vbitem.vbproj", "{177627E9-104D-453F-936A-BB9963E363C5}"
EndProject
Project("{FAE04EC0-301F-11D3-BF4B-00C04F79EFBC}") = "innovoCAD.Bentley.CONNECT", "Wizard\innovoCAD.Bentley.CONNECT.csproj", "{BF0D5A88-9D6D-4B8B-9005-D23E9C363DA9}"
EndProject
Global
	GlobalSection(SolutionConfigurationPlatforms) = preSolution
		Debug|Any CPU = Debug|Any CPU
		Release|Any CPU = Release|Any CPU
	EndGlobalSection
	GlobalSection(ProjectConfigurationPlatforms) = postSolution
		{98CEE665-5CD2-451D-AA66-95D91D7EE26D}.Debug|Any CPU.ActiveCfg = Debug|Any CPU
		{98CEE665-5CD2-451D-AA66-95D91D7EE26D}.Debug|Any CPU.Build.0 = Debug|Any CPU
		{98CEE665-5CD2-451D-AA66-95D91D7EE26D}.Release|Any CPU.ActiveCfg = Release|Any CPU
		{98CEE665-5CD2-451D-AA66-95D91D7EE26D}.Release|Any CPU.Build.0 = Release|Any CPU
		{60444E5B-A2A5-4D69-BC36-BBC035039044}.Debug|Any CPU.ActiveCfg = Debug|Any CPU
		{60444E5B-A2A5-4D69-BC36-BBC035039044}.Debug|Any CPU.Build.0 = Debug|Any CPU
		{60444E5B-A2A5-4D69-BC36-BBC035039044}.Release|Any CPU.ActiveCfg = Release|Any CPU
		{60444E5B-A2A5-4D69-BC36-BBC035039044}.Release|Any CPU.Build.0 = Release|Any CPU
		{773D498B-19FF-4E77-BC20-5DC3A0C9F616}.Debug|Any CPU.ActiveCfg = Debug|Any CPU
		{773D498B-19FF-4E77-BC20-5DC3A0C9F616}.Debug|Any CPU.Build.0 = Debug|Any CPU
		{773D498B-19FF-4E77-BC20-5DC3A0C9F616}.Release|Any CPU.ActiveCfg = Release|Any CPU
		{773D498B-19FF-4E77-BC20-5DC3A0C9F616}.Release|Any CPU.Build.0 = Release|Any CPU
		{CEC26EAE-FB35-40BE-B407-9AA3A82F74E3}.Debug|Any CPU.ActiveCfg = Debug|Any CPU
		{CEC26EAE-FB35-40BE-B407-9AA3A82F74E3}.Debug|Any CPU.Build.0 = Debug|Any CPU
		{CEC26EAE-FB35-40BE-B407-9AA3A82F74E3}.Release|Any CPU.ActiveCfg = Release|Any CPU
		{CEC26EAE-FB35-40BE-B407-9AA3A82F74E3}.Release|Any CPU.Build.0 = Release|Any CPU
		{FBC7C1FC-D684-4F0B-8578-8CCFE52A4608}.Debug|Any CPU.ActiveCfg = Debug|Any CPU
		{FBC7C1FC-D684-4F0B-8578-8CCFE52A4608}.Debug|Any CPU.Build.0 = Debug|Any CPU
		{FBC7C1FC-D684-4F0B-8578-8CCFE52A4608}.Release|Any CPU.ActiveCfg = Release|Any CPU
		{FBC7C1FC-D684-4F0B-8578-8CCFE52A4608}.Release|Any CPU.Build.0 = Release|Any CPU
		{5352008A-056D-499B-956B-E92E44C52A5C}.Debug|Any CPU.ActiveCfg = Debug|Any CPU
		{5352008A-056D-499B-956B-E92E44C52A5C}.Debug|Any CPU.Build.0 = Debug|Any CPU
		{5352008A-056D-499B-956B-E92E44C52A5C}.Release|Any CPU.ActiveCfg = Release|Any CPU
		{5352008A-056D-499B-956B-E92E44C52A5C}.Release|Any CPU.Build.0 = Release|Any CPU
		{C62698F8-9CE8-4E4C-8111-E87B3ED77801}.Debug|Any CPU.ActiveCfg = Debug|Any CPU
		{C62698F8-9CE8-4E4C-8111-E87B3ED77801}.Debug|Any CPU.Build.0 = Debug|Any CPU
		{C62698F8-9CE8-4E4C-8111-E87B3ED77801}.Release|Any CPU.ActiveCfg = Release|Any CPU
		{C62698F8-9CE8-4E4C-8111-E87B3ED77801}.Release|Any CPU.Build.0 = Release|Any CPU
		{B3141432-307A-453E-B18C-743279EEA87B}.Debug|Any CPU.ActiveCfg = Debug|Any CPU
		{B3141432-307A-453E-B18C-743279EEA87B}.Debug|Any CPU.Build.0 = Debug|Any CPU
		{B3141432-307A-453E-B18C-743279EEA87B}.Release|Any CPU.ActiveCfg = Release|Any CPU
		{B3141432-307A-453E-B18C-743279EEA87B}.Release|Any CPU.Build.0 = Release|Any CPU
		{1B9DC78D-BE05-4A22-ADD4-DB4315D04266}.Debug|Any CPU.ActiveCfg = Debug|Any CPU
		{1B9DC78D-BE05-4A22-ADD4-DB4315D04266}.Debug|Any CPU.Build.0 = Debug|Any CPU
		{1B9DC78D-BE05-4A22-ADD4-DB4315D04266}.Release|Any CPU.ActiveCfg = Release|Any CPU
		{1B9DC78D-BE05-4A22-ADD4-DB4315D04266}.Release|Any CPU.Build.0 = Release|Any CPU
		{DAAB47FA-6ACE-4CC0-B501-28AD6B27A9AD}.Debug|Any CPU.ActiveCfg = Debug|Any CPU
		{DAAB47FA-6ACE-4CC0-B501-28AD6B27A9AD}.Debug|Any CPU.Build.0 = Debug|Any CPU
		{DAAB47FA-6ACE-4CC0-B501-28AD6B27A9AD}.Release|Any CPU.ActiveCfg = Release|Any CPU
		{DAAB47FA-6ACE-4CC0-B501-28AD6B27A9AD}.Release|Any CPU.Build.0 = Release|Any CPU
		{A919E9D4-2A3C-427C-BDB1-4F8353BEEF5B}.Debug|Any CPU.ActiveCfg = Debug|Any CPU
		{A919E9D4-2A3C-427C-BDB1-4F8353BEEF5B}.Debug|Any CPU.Build.0 = Debug|Any CPU
		{A919E9D4-2A3C-427C-BDB1-4F8353BEEF5B}.Release|Any CPU.ActiveCfg = Release|Any CPU
		{A919E9D4-2A3C-427C-BDB1-4F8353BEEF5B}.Release|Any CPU.Build.0 = Release|Any CPU
		{A20DFE82-1C4A-4AA9-8E81-A6DA36F10BB4}.Debug|Any CPU.ActiveCfg = Debug|Any CPU
		{A20DFE82-1C4A-4AA9-8E81-A6DA36F10BB4}.Debug|Any CPU.Build.0 = Debug|Any CPU
		{A20DFE82-1C4A-4AA9-8E81-A6DA36F10BB4}.Release|Any CPU.ActiveCfg = Release|Any CPU
		{A20DFE82-1C4A-4AA9-8E81-A6DA36F10BB4}.Release|Any CPU.Build.0 = Release|Any CPU
		{38538C79-C81F-4D73-B1E9-F50D26A239F0}.Debug|Any CPU.ActiveCfg = Debug|Any CPU
		{38538C79-C81F-4D73-B1E9-F50D26A239F0}.Debug|Any CPU.Build.0 = Debug|Any CPU
		{38538C79-C81F-4D73-B1E9-F50D26A239F0}.Release|Any CPU.ActiveCfg = Release|Any CPU
		{38538C79-C81F-4D73-B1E9-F50D26A239F0}.Release|Any CPU.Build.0 = Release|Any CPU
		{89E55AD3-0D35-4B6A-84C4-AB2F564D2BAE}.Debug|Any CPU.ActiveCfg = Debug|Any CPU
		{89E55AD3-0D35-4B6A-84C4-AB2F564D2BAE}.Debug|Any CPU.Build.0 = Debug|Any CPU
		{89E55AD3-0D35-4B6A-84C4-AB2F564D2BAE}.Release|Any CPU.ActiveCfg = Release|Any CPU
		{89E55AD3-0D35-4B6A-84C4-AB2F564D2BAE}.Release|Any CPU.Build.0 = Release|Any CPU
		{92BE8D19-2F95-4B5F-99E1-A2BDE5CB12BA}.Debug|Any CPU.ActiveCfg = Debug|Any CPU
		{92BE8D19-2F95-4B5F-99E1-A2BDE5CB12BA}.Debug|Any CPU.Build.0 = Debug|Any CPU
		{92BE8D19-2F95-4B5F-99E1-A2BDE5CB12BA}.Release|Any CPU.ActiveCfg = Release|Any CPU
		{92BE8D19-2F95-4B5F-99E1-A2BDE5CB12BA}.Release|Any CPU.Build.0 = Release|Any CPU
		{11B70144-6102-479B-898E-EFE74D81AC18}.Debug|Any CPU.ActiveCfg = Debug|Any CPU
		{11B70144-6102-479B-898E-EFE74D81AC18}.Debug|Any CPU.Build.0 = Debug|Any CPU
		{11B70144-6102-479B-898E-EFE74D81AC18}.Release|Any CPU.ActiveCfg = Release|Any CPU
		{11B70144-6102-479B-898E-EFE74D81AC18}.Release|Any CPU.Build.0 = Release|Any CPU
		{5F438EF1-7FF3-4BE2-9729-3F07D72514B8}.Debug|Any CPU.ActiveCfg = Debug|Any CPU
		{5F438EF1-7FF3-4BE2-9729-3F07D72514B8}.Debug|Any CPU.Build.0 = Debug|Any CPU
		{5F438EF1-7FF3-4BE2-9729-3F07D72514B8}.Release|Any CPU.ActiveCfg = Release|Any CPU
		{5F438EF1-7FF3-4BE2-9729-3F07D72514B8}.Release|Any CPU.Build.0 = Release|Any CPU
		{9903AFBD-DED8-4AC8-AA44-D8789834A1BE}.Debug|Any CPU.ActiveCfg = Debug|Any CPU
		{9903AFBD-DED8-4AC8-AA44-D8789834A1BE}.Debug|Any CPU.Build.0 = Debug|Any CPU
		{9903AFBD-DED8-4AC8-AA44-D8789834A1BE}.Release|Any CPU.ActiveCfg = Release|Any CPU
		{9903AFBD-DED8-4AC8-AA44-D8789834A1BE}.Release|Any CPU.Build.0 = Release|Any CPU
		{1A49754B-609E-4696-AFA3-CC019BB407E9}.Debug|Any CPU.ActiveCfg = Debug|Any CPU
		{1A49754B-609E-4696-AFA3-CC019BB407E9}.Debug|Any CPU.Build.0 = Debug|Any CPU
		{1A49754B-609E-4696-AFA3-CC019BB407E9}.Release|Any CPU.ActiveCfg = Release|Any CPU
		{1A49754B-609E-4696-AFA3-CC019BB407E9}.Release|Any CPU.Build.0 = Release|Any CPU
		{EDABEB62-6EE2-4113-8062-0F3A2C74B406}.Debug|Any CPU.ActiveCfg = Debug|Any CPU
		{EDABEB62-6EE2-4113-8062-0F3A2C74B406}.Debug|Any CPU.Build.0 = Debug|Any CPU
		{EDABEB62-6EE2-4113-8062-0F3A2C74B406}.Release|Any CPU.ActiveCfg = Release|Any CPU
		{EDABEB62-6EE2-4113-8062-0F3A2C74B406}.Release|Any CPU.Build.0 = Release|Any CPU
		{EAF30A99-073C-468F-9910-BAD34B3BA255}.Debug|Any CPU.ActiveCfg = Debug|Any CPU
		{EAF30A99-073C-468F-9910-BAD34B3BA255}.Debug|Any CPU.Build.0 = Debug|Any CPU
		{EAF30A99-073C-468F-9910-BAD34B3BA255}.Release|Any CPU.ActiveCfg = Release|Any CPU
		{EAF30A99-073C-468F-9910-BAD34B3BA255}.Release|Any CPU.Build.0 = Release|Any CPU
		{420DFA7B-209A-442B-808F-DAFE8CA10660}.Debug|Any CPU.ActiveCfg = Debug|Any CPU
		{420DFA7B-209A-442B-808F-DAFE8CA10660}.Debug|Any CPU.Build.0 = Debug|Any CPU
		{420DFA7B-209A-442B-808F-DAFE8CA10660}.Release|Any CPU.ActiveCfg = Release|Any CPU
		{420DFA7B-209A-442B-808F-DAFE8CA10660}.Release|Any CPU.Build.0 = Release|Any CPU
		{15EC6B9E-C414-4C4F-BFED-88AD6B1C2CF3}.Debug|Any CPU.ActiveCfg = Debug|Any CPU
		{15EC6B9E-C414-4C4F-BFED-88AD6B1C2CF3}.Debug|Any CPU.Build.0 = Debug|Any CPU
		{15EC6B9E-C414-4C4F-BFED-88AD6B1C2CF3}.Release|Any CPU.ActiveCfg = Release|Any CPU
		{15EC6B9E-C414-4C4F-BFED-88AD6B1C2CF3}.Release|Any CPU.Build.0 = Release|Any CPU
		{36230612-ABB5-4387-8579-093FAE72FC10}.Debug|Any CPU.ActiveCfg = Debug|Any CPU
		{36230612-ABB5-4387-8579-093FAE72FC10}.Debug|Any CPU.Build.0 = Debug|Any CPU
		{36230612-ABB5-4387-8579-093FAE72FC10}.Release|Any CPU.ActiveCfg = Release|Any CPU
		{36230612-ABB5-4387-8579-093FAE72FC10}.Release|Any CPU.Build.0 = Release|Any CPU
		{644E259F-114A-486F-85F3-309E3B2513BE}.Debug|Any CPU.ActiveCfg = Debug|Any CPU
		{644E259F-114A-486F-85F3-309E3B2513BE}.Debug|Any CPU.Build.0 = Debug|Any CPU
		{644E259F-114A-486F-85F3-309E3B2513BE}.Release|Any CPU.ActiveCfg = Release|Any CPU
		{644E259F-114A-486F-85F3-309E3B2513BE}.Release|Any CPU.Build.0 = Release|Any CPU
		{8508C9E4-C7BC-4150-9DA9-3231F908E7DB}.Debug|Any CPU.ActiveCfg = Debug|Any CPU
		{8508C9E4-C7BC-4150-9DA9-3231F908E7DB}.Debug|Any CPU.Build.0 = Debug|Any CPU
		{8508C9E4-C7BC-4150-9DA9-3231F908E7DB}.Release|Any CPU.ActiveCfg = Release|Any CPU
		{8508C9E4-C7BC-4150-9DA9-3231F908E7DB}.Release|Any CPU.Build.0 = Release|Any CPU
		{E1015391-2A53-4A52-A4D1-99C729A515A2}.Debug|Any CPU.ActiveCfg = Debug|Any CPU
		{E1015391-2A53-4A52-A4D1-99C729A515A2}.Debug|Any CPU.Build.0 = Debug|Any CPU
		{E1015391-2A53-4A52-A4D1-99C729A515A2}.Release|Any CPU.ActiveCfg = Release|Any CPU
		{E1015391-2A53-4A52-A4D1-99C729A515A2}.Release|Any CPU.Build.0 = Release|Any CPU
		{431277AE-AA11-422D-ABBE-F18C2D5E2305}.Debug|Any CPU.ActiveCfg = Debug|Any CPU
		{431277AE-AA11-422D-ABBE-F18C2D5E2305}.Debug|Any CPU.Build.0 = Debug|Any CPU
		{431277AE-AA11-422D-ABBE-F18C2D5E2305}.Release|Any CPU.ActiveCfg = Release|Any CPU
		{431277AE-AA11-422D-ABBE-F18C2D5E2305}.Release|Any CPU.Build.0 = Release|Any CPU
		{25F1BD0A-9FDE-4C99-8390-F2D49F9B3252}.Debug|Any CPU.ActiveCfg = Debug|Any CPU
		{25F1BD0A-9FDE-4C99-8390-F2D49F9B3252}.Debug|Any CPU.Build.0 = Debug|Any CPU
		{25F1BD0A-9FDE-4C99-8390-F2D49F9B3252}.Release|Any CPU.ActiveCfg = Release|Any CPU
		{25F1BD0A-9FDE-4C99-8390-F2D49F9B3252}.Release|Any CPU.Build.0 = Release|Any CPU
		{E1D05043-4C4A-49BB-AFB9-55AA84FD63CF}.Debug|Any CPU.ActiveCfg = Debug|Any CPU
		{E1D05043-4C4A-49BB-AFB9-55AA84FD63CF}.Debug|Any CPU.Build.0 = Debug|Any CPU
		{E1D05043-4C4A-49BB-AFB9-55AA84FD63CF}.Release|Any CPU.ActiveCfg = Release|Any CPU
		{E1D05043-4C4A-49BB-AFB9-55AA84FD63CF}.Release|Any CPU.Build.0 = Release|Any CPU
		{05FFB091-709C-4066-A0AC-2B6072ACFB3E}.Debug|Any CPU.ActiveCfg = Debug|Any CPU
		{05FFB091-709C-4066-A0AC-2B6072ACFB3E}.Debug|Any CPU.Build.0 = Debug|Any CPU
		{05FFB091-709C-4066-A0AC-2B6072ACFB3E}.Release|Any CPU.ActiveCfg = Release|Any CPU
		{05FFB091-709C-4066-A0AC-2B6072ACFB3E}.Release|Any CPU.Build.0 = Release|Any CPU
		{A153926C-5C6C-4A62-B241-9DCEBD7F9C5F}.Debug|Any CPU.ActiveCfg = Debug|Any CPU
		{A153926C-5C6C-4A62-B241-9DCEBD7F9C5F}.Debug|Any CPU.Build.0 = Debug|Any CPU
		{A153926C-5C6C-4A62-B241-9DCEBD7F9C5F}.Release|Any CPU.ActiveCfg = Release|Any CPU
		{A153926C-5C6C-4A62-B241-9DCEBD7F9C5F}.Release|Any CPU.Build.0 = Release|Any CPU
		{2DA130BC-CF01-4D73-B874-DA766CFD4438}.Debug|Any CPU.ActiveCfg = Debug|Any CPU
		{2DA130BC-CF01-4D73-B874-DA766CFD4438}.Debug|Any CPU.Build.0 = Debug|Any CPU
		{2DA130BC-CF01-4D73-B874-DA766CFD4438}.Release|Any CPU.ActiveCfg = Release|Any CPU
		{2DA130BC-CF01-4D73-B874-DA766CFD4438}.Release|Any CPU.Build.0 = Release|Any CPU
		{A1D0238F-6513-454D-B66E-916C794DC1B9}.Debug|Any CPU.ActiveCfg = Debug|Any CPU
		{A1D0238F-6513-454D-B66E-916C794DC1B9}.Debug|Any CPU.Build.0 = Debug|Any CPU
		{A1D0238F-6513-454D-B66E-916C794DC1B9}.Release|Any CPU.ActiveCfg = Release|Any CPU
		{A1D0238F-6513-454D-B66E-916C794DC1B9}.Release|Any CPU.Build.0 = Release|Any CPU
		{EFCC953F-8AF1-44A1-BAE2-7B82C154D237}.Debug|Any CPU.ActiveCfg = Debug|Any CPU
		{EFCC953F-8AF1-44A1-BAE2-7B82C154D237}.Debug|Any CPU.Build.0 = Debug|Any CPU
		{EFCC953F-8AF1-44A1-BAE2-7B82C154D237}.Release|Any CPU.ActiveCfg = Release|Any CPU
		{EFCC953F-8AF1-44A1-BAE2-7B82C154D237}.Release|Any CPU.Build.0 = Release|Any CPU
		{6157BF1E-1A3C-4A62-9874-E5683C3F6F29}.Debug|Any CPU.ActiveCfg = Debug|Any CPU
		{6157BF1E-1A3C-4A62-9874-E5683C3F6F29}.Debug|Any CPU.Build.0 = Debug|Any CPU
		{6157BF1E-1A3C-4A62-9874-E5683C3F6F29}.Release|Any CPU.ActiveCfg = Release|Any CPU
		{6157BF1E-1A3C-4A62-9874-E5683C3F6F29}.Release|Any CPU.Build.0 = Release|Any CPU
		{53CE6655-EF74-4707-B50D-468087C38506}.Debug|Any CPU.ActiveCfg = Debug|Any CPU
		{53CE6655-EF74-4707-B50D-468087C38506}.Debug|Any CPU.Build.0 = Debug|Any CPU
		{53CE6655-EF74-4707-B50D-468087C38506}.Release|Any CPU.ActiveCfg = Release|Any CPU
		{53CE6655-EF74-4707-B50D-468087C38506}.Release|Any CPU.Build.0 = Release|Any CPU
		{DCE4B83C-926B-4B33-B47D-E05C79E1036D}.Debug|Any CPU.ActiveCfg = Debug|Any CPU
		{DCE4B83C-926B-4B33-B47D-E05C79E1036D}.Debug|Any CPU.Build.0 = Debug|Any CPU
		{DCE4B83C-926B-4B33-B47D-E05C79E1036D}.Release|Any CPU.ActiveCfg = Release|Any CPU
		{DCE4B83C-926B-4B33-B47D-E05C79E1036D}.Release|Any CPU.Build.0 = Release|Any CPU
		{4400C95E-2E3C-4613-A2F5-B56BC42A64DC}.Debug|Any CPU.ActiveCfg = Debug|Any CPU
		{4400C95E-2E3C-4613-A2F5-B56BC42A64DC}.Debug|Any CPU.Build.0 = Debug|Any CPU
		{4400C95E-2E3C-4613-A2F5-B56BC42A64DC}.Release|Any CPU.ActiveCfg = Release|Any CPU
		{4400C95E-2E3C-4613-A2F5-B56BC42A64DC}.Release|Any CPU.Build.0 = Release|Any CPU
		{A2B37446-A59D-4F5C-99DC-821A3661FEED}.Debug|Any CPU.ActiveCfg = Debug|Any CPU
		{A2B37446-A59D-4F5C-99DC-821A3661FEED}.Debug|Any CPU.Build.0 = Debug|Any CPU
		{A2B37446-A59D-4F5C-99DC-821A3661FEED}.Release|Any CPU.ActiveCfg = Release|Any CPU
		{A2B37446-A59D-4F5C-99DC-821A3661FEED}.Release|Any CPU.Build.0 = Release|Any CPU
		{177627E9-104D-453F-936A-BB9963E363C5}.Debug|Any CPU.ActiveCfg = Debug|Any CPU
		{177627E9-104D-453F-936A-BB9963E363C5}.Debug|Any CPU.Build.0 = Debug|Any CPU
		{177627E9-104D-453F-936A-BB9963E363C5}.Release|Any CPU.ActiveCfg = Release|Any CPU
		{177627E9-104D-453F-936A-BB9963E363C5}.Release|Any CPU.Build.0 = Release|Any CPU
		{BF0D5A88-9D6D-4B8B-9005-D23E9C363DA9}.Debug|Any CPU.ActiveCfg = Debug|Any CPU
		{BF0D5A88-9D6D-4B8B-9005-D23E9C363DA9}.Debug|Any CPU.Build.0 = Debug|Any CPU
		{BF0D5A88-9D6D-4B8B-9005-D23E9C363DA9}.Release|Any CPU.ActiveCfg = Release|Any CPU
		{BF0D5A88-9D6D-4B8B-9005-D23E9C363DA9}.Release|Any CPU.Build.0 = Release|Any CPU
	EndGlobalSection
	GlobalSection(SolutionProperties) = preSolution
		HideSolutionNode = FALSE
	EndGlobalSection
	GlobalSection(NestedProjects) = preSolution
		{C4C20A84-DA7E-4959-B48E-82EBA4D4C816} = {E103FEF3-44C1-4FAE-9E84-52EF668B2559}
		{17492BC2-DA4B-43E1-931B-B801E2172E2F} = {E103FEF3-44C1-4FAE-9E84-52EF668B2559}
		{C92C1F67-8CDC-46EB-9388-3EF3AB7625DE} = {4A6F8FA6-6D06-4B8B-9AB5-EE508C06A9CD}
		{B72C330E-5E05-47BF-B2FB-353911BAB056} = {4A6F8FA6-6D06-4B8B-9AB5-EE508C06A9CD}
		{86F7C542-BA81-4EBC-87C2-94483160BADF} = {C488FE09-B577-4EFB-A6F3-DE779D511502}
		{F23B4F2E-7398-42AD-98A4-123AEDDB4871} = {C488FE09-B577-4EFB-A6F3-DE779D511502}
		{60444E5B-A2A5-4D69-BC36-BBC035039044} = {F23B4F2E-7398-42AD-98A4-123AEDDB4871}
		{773D498B-19FF-4E77-BC20-5DC3A0C9F616} = {F23B4F2E-7398-42AD-98A4-123AEDDB4871}
		{CEC26EAE-FB35-40BE-B407-9AA3A82F74E3} = {F23B4F2E-7398-42AD-98A4-123AEDDB4871}
		{FBC7C1FC-D684-4F0B-8578-8CCFE52A4608} = {F23B4F2E-7398-42AD-98A4-123AEDDB4871}
		{5352008A-056D-499B-956B-E92E44C52A5C} = {B72C330E-5E05-47BF-B2FB-353911BAB056}
		{C62698F8-9CE8-4E4C-8111-E87B3ED77801} = {B72C330E-5E05-47BF-B2FB-353911BAB056}
		{B3141432-307A-453E-B18C-743279EEA87B} = {B72C330E-5E05-47BF-B2FB-353911BAB056}
		{1B9DC78D-BE05-4A22-ADD4-DB4315D04266} = {B72C330E-5E05-47BF-B2FB-353911BAB056}
		{DAAB47FA-6ACE-4CC0-B501-28AD6B27A9AD} = {C92C1F67-8CDC-46EB-9388-3EF3AB7625DE}
		{A919E9D4-2A3C-427C-BDB1-4F8353BEEF5B} = {C92C1F67-8CDC-46EB-9388-3EF3AB7625DE}
		{A20DFE82-1C4A-4AA9-8E81-A6DA36F10BB4} = {C92C1F67-8CDC-46EB-9388-3EF3AB7625DE}
		{38538C79-C81F-4D73-B1E9-F50D26A239F0} = {C92C1F67-8CDC-46EB-9388-3EF3AB7625DE}
		{89E55AD3-0D35-4B6A-84C4-AB2F564D2BAE} = {C92C1F67-8CDC-46EB-9388-3EF3AB7625DE}
		{92BE8D19-2F95-4B5F-99E1-A2BDE5CB12BA} = {C92C1F67-8CDC-46EB-9388-3EF3AB7625DE}
		{11B70144-6102-479B-898E-EFE74D81AC18} = {C92C1F67-8CDC-46EB-9388-3EF3AB7625DE}
		{5F438EF1-7FF3-4BE2-9729-3F07D72514B8} = {C92C1F67-8CDC-46EB-9388-3EF3AB7625DE}
		{9903AFBD-DED8-4AC8-AA44-D8789834A1BE} = {C92C1F67-8CDC-46EB-9388-3EF3AB7625DE}
		{1A49754B-609E-4696-AFA3-CC019BB407E9} = {C92C1F67-8CDC-46EB-9388-3EF3AB7625DE}
		{EDABEB62-6EE2-4113-8062-0F3A2C74B406} = {C92C1F67-8CDC-46EB-9388-3EF3AB7625DE}
		{EAF30A99-073C-468F-9910-BAD34B3BA255} = {C92C1F67-8CDC-46EB-9388-3EF3AB7625DE}
		{420DFA7B-209A-442B-808F-DAFE8CA10660} = {C92C1F67-8CDC-46EB-9388-3EF3AB7625DE}
		{15EC6B9E-C414-4C4F-BFED-88AD6B1C2CF3} = {C92C1F67-8CDC-46EB-9388-3EF3AB7625DE}
		{36230612-ABB5-4387-8579-093FAE72FC10} = {17492BC2-DA4B-43E1-931B-B801E2172E2F}
		{644E259F-114A-486F-85F3-309E3B2513BE} = {17492BC2-DA4B-43E1-931B-B801E2172E2F}
		{8508C9E4-C7BC-4150-9DA9-3231F908E7DB} = {17492BC2-DA4B-43E1-931B-B801E2172E2F}
		{E1015391-2A53-4A52-A4D1-99C729A515A2} = {17492BC2-DA4B-43E1-931B-B801E2172E2F}
		{431277AE-AA11-422D-ABBE-F18C2D5E2305} = {C4C20A84-DA7E-4959-B48E-82EBA4D4C816}
		{25F1BD0A-9FDE-4C99-8390-F2D49F9B3252} = {C4C20A84-DA7E-4959-B48E-82EBA4D4C816}
		{E1D05043-4C4A-49BB-AFB9-55AA84FD63CF} = {C4C20A84-DA7E-4959-B48E-82EBA4D4C816}
		{05FFB091-709C-4066-A0AC-2B6072ACFB3E} = {C4C20A84-DA7E-4959-B48E-82EBA4D4C816}
		{A153926C-5C6C-4A62-B241-9DCEBD7F9C5F} = {C4C20A84-DA7E-4959-B48E-82EBA4D4C816}
		{2DA130BC-CF01-4D73-B874-DA766CFD4438} = {C4C20A84-DA7E-4959-B48E-82EBA4D4C816}
		{A1D0238F-6513-454D-B66E-916C794DC1B9} = {C4C20A84-DA7E-4959-B48E-82EBA4D4C816}
		{EFCC953F-8AF1-44A1-BAE2-7B82C154D237} = {C4C20A84-DA7E-4959-B48E-82EBA4D4C816}
		{6157BF1E-1A3C-4A62-9874-E5683C3F6F29} = {C4C20A84-DA7E-4959-B48E-82EBA4D4C816}
		{53CE6655-EF74-4707-B50D-468087C38506} = {C4C20A84-DA7E-4959-B48E-82EBA4D4C816}
		{DCE4B83C-926B-4B33-B47D-E05C79E1036D} = {C4C20A84-DA7E-4959-B48E-82EBA4D4C816}
		{4400C95E-2E3C-4613-A2F5-B56BC42A64DC} = {C4C20A84-DA7E-4959-B48E-82EBA4D4C816}
		{A2B37446-A59D-4F5C-99DC-821A3661FEED} = {C4C20A84-DA7E-4959-B48E-82EBA4D4C816}
		{177627E9-104D-453F-936A-BB9963E363C5} = {C4C20A84-DA7E-4959-B48E-82EBA4D4C816}
		{BF0D5A88-9D6D-4B8B-9005-D23E9C363DA9} = {698403AF-4988-4628-A389-866E23C53326}
	EndGlobalSection
	GlobalSection(ExtensibilityGlobals) = postSolution
		SolutionGuid = {8FA2C39F-C52F-4322-B1A2-BC7C9A4C3B3B}
	EndGlobalSection
EndGlobal
